
Microsoft Visual Studio Solution File, Format Version 12.00
# Visual Studio Version 17
VisualStudioVersion = 17.0.31903.59
MinimumVisualStudioVersion = 10.0.40219.1
Project("{FAE04EC0-301F-11D3-BF4B-00C04F79EFBC}") = "Bablomet.Marketdata", "Bablomet.Marketdata\Bablomet.Marketdata.csproj", "{DD70FA13-AFB5-4A31-9CE3-1CF8DBC42AD6}"
EndProject
Project("{FAE04EC0-301F-11D3-BF4B-00C04F79EFBC}") = "Bablomet.API", "Bablomet.API\Bablomet.API.csproj", "{473E1627-D268-41BD-A64C-FCC80C78C5B0}"
EndProject
Project("{FAE04EC0-301F-11D3-BF4B-00C04F79EFBC}") = "Bablomet.Common", "Bablomet.Common\Bablomet.Common.csproj", "{2DCE6AAB-2FC4-48B6-A5A7-5C1AE2710C15}"
EndProject
Project("{FAE04EC0-301F-11D3-BF4B-00C04F79EFBC}") = "Bablomet.PRO.Telegram", "Bablomet.PRO.Telegram\Bablomet.PRO.Telegram.csproj", "{97FF616E-30A9-48A4-A0DB-C7465DAEE42C}"
EndProject
Project("{FAE04EC0-301F-11D3-BF4B-00C04F79EFBC}") = "Bablomet.AI.ML", "Bablomet.AI.ML\Bablomet.AI.ML.csproj", "{C87F252A-3012-49E0-8126-23BD98A0D313}"
EndProject
Global
	GlobalSection(SolutionConfigurationPlatforms) = preSolution
		Debug|Any CPU = Debug|Any CPU
		Release|Any CPU = Release|Any CPU
	EndGlobalSection
	GlobalSection(SolutionProperties) = preSolution
		HideSolutionNode = FALSE
	EndGlobalSection
	GlobalSection(ProjectConfigurationPlatforms) = postSolution
		{DD70FA13-AFB5-4A31-9CE3-1CF8DBC42AD6}.Debug|Any CPU.ActiveCfg = Debug|Any CPU
		{DD70FA13-AFB5-4A31-9CE3-1CF8DBC42AD6}.Debug|Any CPU.Build.0 = Debug|Any CPU
		{DD70FA13-AFB5-4A31-9CE3-1CF8DBC42AD6}.Release|Any CPU.ActiveCfg = Release|Any CPU
		{DD70FA13-AFB5-4A31-9CE3-1CF8DBC42AD6}.Release|Any CPU.Build.0 = Release|Any CPU
		{473E1627-D268-41BD-A64C-FCC80C78C5B0}.Debug|Any CPU.ActiveCfg = Debug|Any CPU
		{473E1627-D268-41BD-A64C-FCC80C78C5B0}.Debug|Any CPU.Build.0 = Debug|Any CPU
		{473E1627-D268-41BD-A64C-FCC80C78C5B0}.Release|Any CPU.ActiveCfg = Release|Any CPU
		{473E1627-D268-41BD-A64C-FCC80C78C5B0}.Release|Any CPU.Build.0 = Release|Any CPU
		{2DCE6AAB-2FC4-48B6-A5A7-5C1AE2710C15}.Debug|Any CPU.ActiveCfg = Debug|Any CPU
		{2DCE6AAB-2FC4-48B6-A5A7-5C1AE2710C15}.Debug|Any CPU.Build.0 = Debug|Any CPU
		{2DCE6AAB-2FC4-48B6-A5A7-5C1AE2710C15}.Release|Any CPU.ActiveCfg = Release|Any CPU
		{2DCE6AAB-2FC4-48B6-A5A7-5C1AE2710C15}.Release|Any CPU.Build.0 = Release|Any CPU
		{97FF616E-30A9-48A4-A0DB-C7465DAEE42C}.Debug|Any CPU.ActiveCfg = Debug|Any CPU
		{97FF616E-30A9-48A4-A0DB-C7465DAEE42C}.Debug|Any CPU.Build.0 = Debug|Any CPU
		{97FF616E-30A9-48A4-A0DB-C7465DAEE42C}.Release|Any CPU.ActiveCfg = Release|Any CPU
		{97FF616E-30A9-48A4-A0DB-C7465DAEE42C}.Release|Any CPU.Build.0 = Release|Any CPU
		{C87F252A-3012-49E0-8126-23BD98A0D313}.Debug|Any CPU.ActiveCfg = Debug|Any CPU
		{C87F252A-3012-49E0-8126-23BD98A0D313}.Debug|Any CPU.Build.0 = Debug|Any CPU
		{C87F252A-3012-49E0-8126-23BD98A0D313}.Release|Any CPU.ActiveCfg = Release|Any CPU
		{C87F252A-3012-49E0-8126-23BD98A0D313}.Release|Any CPU.Build.0 = Release|Any CPU
	EndGlobalSection
EndGlobal
